
Microsoft Visual Studio Solution File, Format Version 12.00
# TcXaeShell Solution File, Format Version 11.00
VisualStudioVersion = 17.7.34302.85
MinimumVisualStudioVersion = 10.0.40219.1
Project("{B1E792BE-AA5F-4E3C-8C82-674BF9C0715B}") = "Project_V25_Gr3", "Project_V25_Gr3\Project_V25_Gr3.tsproj", "{9421E901-A9D6-4395-B77B-24A9B3336BDE}"
EndProject
Global
	GlobalSection(SolutionConfigurationPlatforms) = preSolution
		Debug|TwinCAT OS (ARMV7-A) = Debug|TwinCAT OS (ARMV7-A)
		Debug|TwinCAT OS (ARMV7-M) = Debug|TwinCAT OS (ARMV7-M)
		Debug|TwinCAT OS (ARMV8-A) = Debug|TwinCAT OS (ARMV8-A)
		Debug|TwinCAT OS (x64) = Debug|TwinCAT OS (x64)
		Debug|TwinCAT RT (x64) = Debug|TwinCAT RT (x64)
		Debug|TwinCAT RT (x86) = Debug|TwinCAT RT (x86)
		Release|TwinCAT OS (ARMV7-A) = Release|TwinCAT OS (ARMV7-A)
		Release|TwinCAT OS (ARMV7-M) = Release|TwinCAT OS (ARMV7-M)
		Release|TwinCAT OS (ARMV8-A) = Release|TwinCAT OS (ARMV8-A)
		Release|TwinCAT OS (x64) = Release|TwinCAT OS (x64)
		Release|TwinCAT RT (x64) = Release|TwinCAT RT (x64)
		Release|TwinCAT RT (x86) = Release|TwinCAT RT (x86)
	EndGlobalSection
	GlobalSection(ProjectConfigurationPlatforms) = postSolution
		{9421E901-A9D6-4395-B77B-24A9B3336BDE}.Debug|TwinCAT OS (ARMV7-A).ActiveCfg = Debug|TwinCAT OS (ARMV7-A)
		{9421E901-A9D6-4395-B77B-24A9B3336BDE}.Debug|TwinCAT OS (ARMV7-A).Build.0 = Debug|TwinCAT OS (ARMV7-A)
		{9421E901-A9D6-4395-B77B-24A9B3336BDE}.Debug|TwinCAT OS (ARMV7-M).ActiveCfg = Debug|TwinCAT OS (ARMV7-M)
		{9421E901-A9D6-4395-B77B-24A9B3336BDE}.Debug|TwinCAT OS (ARMV7-M).Build.0 = Debug|TwinCAT OS (ARMV7-M)
		{9421E901-A9D6-4395-B77B-24A9B3336BDE}.Debug|TwinCAT OS (ARMV8-A).ActiveCfg = Debug|TwinCAT OS (ARMV8-A)
		{9421E901-A9D6-4395-B77B-24A9B3336BDE}.Debug|TwinCAT OS (ARMV8-A).Build.0 = Debug|TwinCAT OS (ARMV8-A)
		{9421E901-A9D6-4395-B77B-24A9B3336BDE}.Debug|TwinCAT OS (x64).ActiveCfg = Debug|TwinCAT OS (x64)
		{9421E901-A9D6-4395-B77B-24A9B3336BDE}.Debug|TwinCAT OS (x64).Build.0 = Debug|TwinCAT OS (x64)
		{9421E901-A9D6-4395-B77B-24A9B3336BDE}.Debug|TwinCAT RT (x64).ActiveCfg = Debug|TwinCAT RT (x64)
		{9421E901-A9D6-4395-B77B-24A9B3336BDE}.Debug|TwinCAT RT (x64).Build.0 = Debug|TwinCAT RT (x64)
		{9421E901-A9D6-4395-B77B-24A9B3336BDE}.Debug|TwinCAT RT (x86).ActiveCfg = Debug|TwinCAT RT (x86)
		{9421E901-A9D6-4395-B77B-24A9B3336BDE}.Debug|TwinCAT RT (x86).Build.0 = Debug|TwinCAT RT (x86)
		{9421E901-A9D6-4395-B77B-24A9B3336BDE}.Release|TwinCAT OS (ARMV7-A).ActiveCfg = Release|TwinCAT OS (ARMV7-A)
		{9421E901-A9D6-4395-B77B-24A9B3336BDE}.Release|TwinCAT OS (ARMV7-A).Build.0 = Release|TwinCAT OS (ARMV7-A)
		{9421E901-A9D6-4395-B77B-24A9B3336BDE}.Release|TwinCAT OS (ARMV7-M).ActiveCfg = Release|TwinCAT OS (ARMV7-M)
		{9421E901-A9D6-4395-B77B-24A9B3336BDE}.Release|TwinCAT OS (ARMV7-M).Build.0 = Release|TwinCAT OS (ARMV7-M)
		{9421E901-A9D6-4395-B77B-24A9B3336BDE}.Release|TwinCAT OS (ARMV8-A).ActiveCfg = Release|TwinCAT OS (ARMV8-A)
		{9421E901-A9D6-4395-B77B-24A9B3336BDE}.Release|TwinCAT OS (ARMV8-A).Build.0 = Release|TwinCAT OS (ARMV8-A)
		{9421E901-A9D6-4395-B77B-24A9B3336BDE}.Release|TwinCAT OS (x64).ActiveCfg = Release|TwinCAT OS (x64)
		{9421E901-A9D6-4395-B77B-24A9B3336BDE}.Release|TwinCAT OS (x64).Build.0 = Release|TwinCAT OS (x64)
		{9421E901-A9D6-4395-B77B-24A9B3336BDE}.Release|TwinCAT RT (x64).ActiveCfg = Release|TwinCAT RT (x64)
		{9421E901-A9D6-4395-B77B-24A9B3336BDE}.Release|TwinCAT RT (x64).Build.0 = Release|TwinCAT RT (x64)
		{9421E901-A9D6-4395-B77B-24A9B3336BDE}.Release|TwinCAT RT (x86).ActiveCfg = Release|TwinCAT RT (x86)
		{9421E901-A9D6-4395-B77B-24A9B3336BDE}.Release|TwinCAT RT (x86).Build.0 = Release|TwinCAT RT (x86)
		{7DEF9D13-0B94-4C95-A765-AE6239C77AE2}.Debug|TwinCAT OS (ARMV7-A).ActiveCfg = Debug|TwinCAT OS (ARMV7-A)
		{7DEF9D13-0B94-4C95-A765-AE6239C77AE2}.Debug|TwinCAT OS (ARMV7-A).Build.0 = Debug|TwinCAT OS (ARMV7-A)
		{7DEF9D13-0B94-4C95-A765-AE6239C77AE2}.Debug|TwinCAT OS (ARMV7-M).ActiveCfg = Debug|TwinCAT OS (ARMV7-M)
		{7DEF9D13-0B94-4C95-A765-AE6239C77AE2}.Debug|TwinCAT OS (ARMV7-M).Build.0 = Debug|TwinCAT OS (ARMV7-M)
		{7DEF9D13-0B94-4C95-A765-AE6239C77AE2}.Debug|TwinCAT OS (ARMV8-A).ActiveCfg = Debug|TwinCAT OS (ARMV8-A)
		{7DEF9D13-0B94-4C95-A765-AE6239C77AE2}.Debug|TwinCAT OS (ARMV8-A).Build.0 = Debug|TwinCAT OS (ARMV8-A)
		{7DEF9D13-0B94-4C95-A765-AE6239C77AE2}.Debug|TwinCAT OS (x64).ActiveCfg = Debug|TwinCAT OS (x64)
		{7DEF9D13-0B94-4C95-A765-AE6239C77AE2}.Debug|TwinCAT OS (x64).Build.0 = Debug|TwinCAT OS (x64)
		{7DEF9D13-0B94-4C95-A765-AE6239C77AE2}.Debug|TwinCAT RT (x64).ActiveCfg = Debug|TwinCAT RT (x64)
		{7DEF9D13-0B94-4C95-A765-AE6239C77AE2}.Debug|TwinCAT RT (x64).Build.0 = Debug|TwinCAT RT (x64)
		{7DEF9D13-0B94-4C95-A765-AE6239C77AE2}.Debug|TwinCAT RT (x86).ActiveCfg = Debug|TwinCAT RT (x86)
		{7DEF9D13-0B94-4C95-A765-AE6239C77AE2}.Debug|TwinCAT RT (x86).Build.0 = Debug|TwinCAT RT (x86)
		{7DEF9D13-0B94-4C95-A765-AE6239C77AE2}.Release|TwinCAT OS (ARMV7-A).ActiveCfg = Release|TwinCAT OS (ARMV7-A)
		{7DEF9D13-0B94-4C95-A765-AE6239C77AE2}.Release|TwinCAT OS (ARMV7-A).Build.0 = Release|TwinCAT OS (ARMV7-A)
		{7DEF9D13-0B94-4C95-A765-AE6239C77AE2}.Release|TwinCAT OS (ARMV7-M).ActiveCfg = Release|TwinCAT OS (ARMV7-M)
		{7DEF9D13-0B94-4C95-A765-AE6239C77AE2}.Release|TwinCAT OS (ARMV7-M).Build.0 = Release|TwinCAT OS (ARMV7-M)
		{7DEF9D13-0B94-4C95-A765-AE6239C77AE2}.Release|TwinCAT OS (ARMV8-A).ActiveCfg = Release|TwinCAT OS (ARMV8-A)
		{7DEF9D13-0B94-4C95-A765-AE6239C77AE2}.Release|TwinCAT OS (ARMV8-A).Build.0 = Release|TwinCAT OS (ARMV8-A)
		{7DEF9D13-0B94-4C95-A765-AE6239C77AE2}.Release|TwinCAT OS (x64).ActiveCfg = Release|TwinCAT OS (x64)
		{7DEF9D13-0B94-4C95-A765-AE6239C77AE2}.Release|TwinCAT OS (x64).Build.0 = Release|TwinCAT OS (x64)
		{7DEF9D13-0B94-4C95-A765-AE6239C77AE2}.Release|TwinCAT RT (x64).ActiveCfg = Release|TwinCAT RT (x64)
		{7DEF9D13-0B94-4C95-A765-AE6239C77AE2}.Release|TwinCAT RT (x64).Build.0 = Release|TwinCAT RT (x64)
		{7DEF9D13-0B94-4C95-A765-AE6239C77AE2}.Release|TwinCAT RT (x86).ActiveCfg = Release|TwinCAT RT (x86)
		{7DEF9D13-0B94-4C95-A765-AE6239C77AE2}.Release|TwinCAT RT (x86).Build.0 = Release|TwinCAT RT (x86)
	EndGlobalSection
	GlobalSection(SolutionProperties) = preSolution
		HideSolutionNode = FALSE
	EndGlobalSection
	GlobalSection(ExtensibilityGlobals) = postSolution
		SolutionGuid = {1B712FC6-5B8C-447D-BC2F-D31DA6F89217}
	EndGlobalSection
EndGlobal
